
Microsoft Visual Studio Solution File, Format Version 12.00
# Visual Studio 15
VisualStudioVersion = 15.0.28307.757
MinimumVisualStudioVersion = 10.0.40219.1
Project("{FAE04EC0-301F-11D3-BF4B-00C04F79EFBC}") = "GifProjectXF", "GifProjectXF\GifProjectXF\GifProjectXF.csproj", "{B1D0EEB8-63A2-4D3B-B6CC-654F0462568B}"
EndProject
Project("{FAE04EC0-301F-11D3-BF4B-00C04F79EFBC}") = "GifProjectXF.Core", "GifProjectXF\GifProjectXF.Core\GifProjectXF.Core.csproj", "{BBA7E76D-131E-4FF0-B4DB-406A052FAB56}"
EndProject
Project("{FAE04EC0-301F-11D3-BF4B-00C04F79EFBC}") = "GifProjectXF.Android", "GifProjectXF\GifProjectXF.Android\GifProjectXF.Android.csproj", "{04BA9D64-BF42-49B6-9EA3-0DC9AC022F47}"
EndProject
Project("{FAE04EC0-301F-11D3-BF4B-00C04F79EFBC}") = "GifProjectXF.iOS", "GifProjectXF\GifProjectXF.iOS\GifProjectXF.iOS.csproj", "{BCC6E8F0-66D1-47F6-9EAB-B8066B9908C3}"
EndProject
Project("{FAE04EC0-301F-11D3-BF4B-00C04F79EFBC}") = "GifProjectXF.UWP", "GifProjectXF\GifProjectXF.UWP\GifProjectXF.UWP.csproj", "{734F98D6-37AD-4D7C-B93D-0AB74AAA9C4D}"
EndProject
Global
	GlobalSection(SolutionConfigurationPlatforms) = preSolution
		Ad-Hoc|Any CPU = Ad-Hoc|Any CPU
		Ad-Hoc|ARM = Ad-Hoc|ARM
		Ad-Hoc|ARM64 = Ad-Hoc|ARM64
		Ad-Hoc|iPhone = Ad-Hoc|iPhone
		Ad-Hoc|iPhoneSimulator = Ad-Hoc|iPhoneSimulator
		Ad-Hoc|x64 = Ad-Hoc|x64
		Ad-Hoc|x86 = Ad-Hoc|x86
		AppStore|Any CPU = AppStore|Any CPU
		AppStore|ARM = AppStore|ARM
		AppStore|ARM64 = AppStore|ARM64
		AppStore|iPhone = AppStore|iPhone
		AppStore|iPhoneSimulator = AppStore|iPhoneSimulator
		AppStore|x64 = AppStore|x64
		AppStore|x86 = AppStore|x86
		Debug|Any CPU = Debug|Any CPU
		Debug|ARM = Debug|ARM
		Debug|ARM64 = Debug|ARM64
		Debug|iPhone = Debug|iPhone
		Debug|iPhoneSimulator = Debug|iPhoneSimulator
		Debug|x64 = Debug|x64
		Debug|x86 = Debug|x86
		Release|Any CPU = Release|Any CPU
		Release|ARM = Release|ARM
		Release|ARM64 = Release|ARM64
		Release|iPhone = Release|iPhone
		Release|iPhoneSimulator = Release|iPhoneSimulator
		Release|x64 = Release|x64
		Release|x86 = Release|x86
	EndGlobalSection
	GlobalSection(ProjectConfigurationPlatforms) = postSolution
		{B1D0EEB8-63A2-4D3B-B6CC-654F0462568B}.Ad-Hoc|Any CPU.ActiveCfg = Debug|Any CPU
		{B1D0EEB8-63A2-4D3B-B6CC-654F0462568B}.Ad-Hoc|Any CPU.Build.0 = Debug|Any CPU
		{B1D0EEB8-63A2-4D3B-B6CC-654F0462568B}.Ad-Hoc|ARM.ActiveCfg = Debug|Any CPU
		{B1D0EEB8-63A2-4D3B-B6CC-654F0462568B}.Ad-Hoc|ARM.Build.0 = Debug|Any CPU
		{B1D0EEB8-63A2-4D3B-B6CC-654F0462568B}.Ad-Hoc|ARM64.ActiveCfg = Debug|Any CPU
		{B1D0EEB8-63A2-4D3B-B6CC-654F0462568B}.Ad-Hoc|ARM64.Build.0 = Debug|Any CPU
		{B1D0EEB8-63A2-4D3B-B6CC-654F0462568B}.Ad-Hoc|iPhone.ActiveCfg = Debug|Any CPU
		{B1D0EEB8-63A2-4D3B-B6CC-654F0462568B}.Ad-Hoc|iPhone.Build.0 = Debug|Any CPU
		{B1D0EEB8-63A2-4D3B-B6CC-654F0462568B}.Ad-Hoc|iPhoneSimulator.ActiveCfg = Debug|Any CPU
		{B1D0EEB8-63A2-4D3B-B6CC-654F0462568B}.Ad-Hoc|iPhoneSimulator.Build.0 = Debug|Any CPU
		{B1D0EEB8-63A2-4D3B-B6CC-654F0462568B}.Ad-Hoc|x64.ActiveCfg = Debug|Any CPU
		{B1D0EEB8-63A2-4D3B-B6CC-654F0462568B}.Ad-Hoc|x64.Build.0 = Debug|Any CPU
		{B1D0EEB8-63A2-4D3B-B6CC-654F0462568B}.Ad-Hoc|x86.ActiveCfg = Debug|Any CPU
		{B1D0EEB8-63A2-4D3B-B6CC-654F0462568B}.Ad-Hoc|x86.Build.0 = Debug|Any CPU
		{B1D0EEB8-63A2-4D3B-B6CC-654F0462568B}.AppStore|Any CPU.ActiveCfg = Debug|Any CPU
		{B1D0EEB8-63A2-4D3B-B6CC-654F0462568B}.AppStore|Any CPU.Build.0 = Debug|Any CPU
		{B1D0EEB8-63A2-4D3B-B6CC-654F0462568B}.AppStore|ARM.ActiveCfg = Debug|Any CPU
		{B1D0EEB8-63A2-4D3B-B6CC-654F0462568B}.AppStore|ARM.Build.0 = Debug|Any CPU
		{B1D0EEB8-63A2-4D3B-B6CC-654F0462568B}.AppStore|ARM64.ActiveCfg = Debug|Any CPU
		{B1D0EEB8-63A2-4D3B-B6CC-654F0462568B}.AppStore|ARM64.Build.0 = Debug|Any CPU
		{B1D0EEB8-63A2-4D3B-B6CC-654F0462568B}.AppStore|iPhone.ActiveCfg = Debug|Any CPU
		{B1D0EEB8-63A2-4D3B-B6CC-654F0462568B}.AppStore|iPhone.Build.0 = Debug|Any CPU
		{B1D0EEB8-63A2-4D3B-B6CC-654F0462568B}.AppStore|iPhoneSimulator.ActiveCfg = Debug|Any CPU
		{B1D0EEB8-63A2-4D3B-B6CC-654F0462568B}.AppStore|iPhoneSimulator.Build.0 = Debug|Any CPU
		{B1D0EEB8-63A2-4D3B-B6CC-654F0462568B}.AppStore|x64.ActiveCfg = Debug|Any CPU
		{B1D0EEB8-63A2-4D3B-B6CC-654F0462568B}.AppStore|x64.Build.0 = Debug|Any CPU
		{B1D0EEB8-63A2-4D3B-B6CC-654F0462568B}.AppStore|x86.ActiveCfg = Debug|Any CPU
		{B1D0EEB8-63A2-4D3B-B6CC-654F0462568B}.AppStore|x86.Build.0 = Debug|Any CPU
		{B1D0EEB8-63A2-4D3B-B6CC-654F0462568B}.Debug|Any CPU.ActiveCfg = Debug|Any CPU
		{B1D0EEB8-63A2-4D3B-B6CC-654F0462568B}.Debug|Any CPU.Build.0 = Debug|Any CPU
		{B1D0EEB8-63A2-4D3B-B6CC-654F0462568B}.Debug|ARM.ActiveCfg = Debug|Any CPU
		{B1D0EEB8-63A2-4D3B-B6CC-654F0462568B}.Debug|ARM.Build.0 = Debug|Any CPU
		{B1D0EEB8-63A2-4D3B-B6CC-654F0462568B}.Debug|ARM64.ActiveCfg = Debug|Any CPU
		{B1D0EEB8-63A2-4D3B-B6CC-654F0462568B}.Debug|ARM64.Build.0 = Debug|Any CPU
		{B1D0EEB8-63A2-4D3B-B6CC-654F0462568B}.Debug|iPhone.ActiveCfg = Debug|Any CPU
		{B1D0EEB8-63A2-4D3B-B6CC-654F0462568B}.Debug|iPhone.Build.0 = Debug|Any CPU
		{B1D0EEB8-63A2-4D3B-B6CC-654F0462568B}.Debug|iPhoneSimulator.ActiveCfg = Debug|Any CPU
		{B1D0EEB8-63A2-4D3B-B6CC-654F0462568B}.Debug|iPhoneSimulator.Build.0 = Debug|Any CPU
		{B1D0EEB8-63A2-4D3B-B6CC-654F0462568B}.Debug|x64.ActiveCfg = Debug|Any CPU
		{B1D0EEB8-63A2-4D3B-B6CC-654F0462568B}.Debug|x64.Build.0 = Debug|Any CPU
		{B1D0EEB8-63A2-4D3B-B6CC-654F0462568B}.Debug|x86.ActiveCfg = Debug|Any CPU
		{B1D0EEB8-63A2-4D3B-B6CC-654F0462568B}.Debug|x86.Build.0 = Debug|Any CPU
		{B1D0EEB8-63A2-4D3B-B6CC-654F0462568B}.Release|Any CPU.ActiveCfg = Release|Any CPU
		{B1D0EEB8-63A2-4D3B-B6CC-654F0462568B}.Release|Any CPU.Build.0 = Release|Any CPU
		{B1D0EEB8-63A2-4D3B-B6CC-654F0462568B}.Release|ARM.ActiveCfg = Release|Any CPU
		{B1D0EEB8-63A2-4D3B-B6CC-654F0462568B}.Release|ARM.Build.0 = Release|Any CPU
		{B1D0EEB8-63A2-4D3B-B6CC-654F0462568B}.Release|ARM64.ActiveCfg = Release|Any CPU
		{B1D0EEB8-63A2-4D3B-B6CC-654F0462568B}.Release|ARM64.Build.0 = Release|Any CPU
		{B1D0EEB8-63A2-4D3B-B6CC-654F0462568B}.Release|iPhone.ActiveCfg = Release|Any CPU
		{B1D0EEB8-63A2-4D3B-B6CC-654F0462568B}.Release|iPhone.Build.0 = Release|Any CPU
		{B1D0EEB8-63A2-4D3B-B6CC-654F0462568B}.Release|iPhoneSimulator.ActiveCfg = Release|Any CPU
		{B1D0EEB8-63A2-4D3B-B6CC-654F0462568B}.Release|iPhoneSimulator.Build.0 = Release|Any CPU
		{B1D0EEB8-63A2-4D3B-B6CC-654F0462568B}.Release|x64.ActiveCfg = Release|Any CPU
		{B1D0EEB8-63A2-4D3B-B6CC-654F0462568B}.Release|x64.Build.0 = Release|Any CPU
		{B1D0EEB8-63A2-4D3B-B6CC-654F0462568B}.Release|x86.ActiveCfg = Release|Any CPU
		{B1D0EEB8-63A2-4D3B-B6CC-654F0462568B}.Release|x86.Build.0 = Release|Any CPU
		{BBA7E76D-131E-4FF0-B4DB-406A052FAB56}.Ad-Hoc|Any CPU.ActiveCfg = Debug|Any CPU
		{BBA7E76D-131E-4FF0-B4DB-406A052FAB56}.Ad-Hoc|Any CPU.Build.0 = Debug|Any CPU
		{BBA7E76D-131E-4FF0-B4DB-406A052FAB56}.Ad-Hoc|ARM.ActiveCfg = Debug|Any CPU
		{BBA7E76D-131E-4FF0-B4DB-406A052FAB56}.Ad-Hoc|ARM.Build.0 = Debug|Any CPU
		{BBA7E76D-131E-4FF0-B4DB-406A052FAB56}.Ad-Hoc|ARM64.ActiveCfg = Debug|Any CPU
		{BBA7E76D-131E-4FF0-B4DB-406A052FAB56}.Ad-Hoc|ARM64.Build.0 = Debug|Any CPU
		{BBA7E76D-131E-4FF0-B4DB-406A052FAB56}.Ad-Hoc|iPhone.ActiveCfg = Debug|Any CPU
		{BBA7E76D-131E-4FF0-B4DB-406A052FAB56}.Ad-Hoc|iPhone.Build.0 = Debug|Any CPU
		{BBA7E76D-131E-4FF0-B4DB-406A052FAB56}.Ad-Hoc|iPhoneSimulator.ActiveCfg = Debug|Any CPU
		{BBA7E76D-131E-4FF0-B4DB-406A052FAB56}.Ad-Hoc|iPhoneSimulator.Build.0 = Debug|Any CPU
		{BBA7E76D-131E-4FF0-B4DB-406A052FAB56}.Ad-Hoc|x64.ActiveCfg = Debug|Any CPU
		{BBA7E76D-131E-4FF0-B4DB-406A052FAB56}.Ad-Hoc|x64.Build.0 = Debug|Any CPU
		{BBA7E76D-131E-4FF0-B4DB-406A052FAB56}.Ad-Hoc|x86.ActiveCfg = Debug|Any CPU
		{BBA7E76D-131E-4FF0-B4DB-406A052FAB56}.Ad-Hoc|x86.Build.0 = Debug|Any CPU
		{BBA7E76D-131E-4FF0-B4DB-406A052FAB56}.AppStore|Any CPU.ActiveCfg = Debug|Any CPU
		{BBA7E76D-131E-4FF0-B4DB-406A052FAB56}.AppStore|Any CPU.Build.0 = Debug|Any CPU
		{BBA7E76D-131E-4FF0-B4DB-406A052FAB56}.AppStore|ARM.ActiveCfg = Debug|Any CPU
		{BBA7E76D-131E-4FF0-B4DB-406A052FAB56}.AppStore|ARM.Build.0 = Debug|Any CPU
		{BBA7E76D-131E-4FF0-B4DB-406A052FAB56}.AppStore|ARM64.ActiveCfg = Debug|Any CPU
		{BBA7E76D-131E-4FF0-B4DB-406A052FAB56}.AppStore|ARM64.Build.0 = Debug|Any CPU
		{BBA7E76D-131E-4FF0-B4DB-406A052FAB56}.AppStore|iPhone.ActiveCfg = Debug|Any CPU
		{BBA7E76D-131E-4FF0-B4DB-406A052FAB56}.AppStore|iPhone.Build.0 = Debug|Any CPU
		{BBA7E76D-131E-4FF0-B4DB-406A052FAB56}.AppStore|iPhoneSimulator.ActiveCfg = Debug|Any CPU
		{BBA7E76D-131E-4FF0-B4DB-406A052FAB56}.AppStore|iPhoneSimulator.Build.0 = Debug|Any CPU
		{BBA7E76D-131E-4FF0-B4DB-406A052FAB56}.AppStore|x64.ActiveCfg = Debug|Any CPU
		{BBA7E76D-131E-4FF0-B4DB-406A052FAB56}.AppStore|x64.Build.0 = Debug|Any CPU
		{BBA7E76D-131E-4FF0-B4DB-406A052FAB56}.AppStore|x86.ActiveCfg = Debug|Any CPU
		{BBA7E76D-131E-4FF0-B4DB-406A052FAB56}.AppStore|x86.Build.0 = Debug|Any CPU
		{BBA7E76D-131E-4FF0-B4DB-406A052FAB56}.Debug|Any CPU.ActiveCfg = Debug|Any CPU
		{BBA7E76D-131E-4FF0-B4DB-406A052FAB56}.Debug|Any CPU.Build.0 = Debug|Any CPU
		{BBA7E76D-131E-4FF0-B4DB-406A052FAB56}.Debug|ARM.ActiveCfg = Debug|Any CPU
		{BBA7E76D-131E-4FF0-B4DB-406A052FAB56}.Debug|ARM.Build.0 = Debug|Any CPU
		{BBA7E76D-131E-4FF0-B4DB-406A052FAB56}.Debug|ARM64.ActiveCfg = Debug|Any CPU
		{BBA7E76D-131E-4FF0-B4DB-406A052FAB56}.Debug|ARM64.Build.0 = Debug|Any CPU
		{BBA7E76D-131E-4FF0-B4DB-406A052FAB56}.Debug|iPhone.ActiveCfg = Debug|Any CPU
		{BBA7E76D-131E-4FF0-B4DB-406A052FAB56}.Debug|iPhone.Build.0 = Debug|Any CPU
		{BBA7E76D-131E-4FF0-B4DB-406A052FAB56}.Debug|iPhoneSimulator.ActiveCfg = Debug|Any CPU
		{BBA7E76D-131E-4FF0-B4DB-406A052FAB56}.Debug|iPhoneSimulator.Build.0 = Debug|Any CPU
		{BBA7E76D-131E-4FF0-B4DB-406A052FAB56}.Debug|x64.ActiveCfg = Debug|Any CPU
		{BBA7E76D-131E-4FF0-B4DB-406A052FAB56}.Debug|x64.Build.0 = Debug|Any CPU
		{BBA7E76D-131E-4FF0-B4DB-406A052FAB56}.Debug|x86.ActiveCfg = Debug|Any CPU
		{BBA7E76D-131E-4FF0-B4DB-406A052FAB56}.Debug|x86.Build.0 = Debug|Any CPU
		{BBA7E76D-131E-4FF0-B4DB-406A052FAB56}.Release|Any CPU.ActiveCfg = Release|Any CPU
		{BBA7E76D-131E-4FF0-B4DB-406A052FAB56}.Release|Any CPU.Build.0 = Release|Any CPU
		{BBA7E76D-131E-4FF0-B4DB-406A052FAB56}.Release|ARM.ActiveCfg = Release|Any CPU
		{BBA7E76D-131E-4FF0-B4DB-406A052FAB56}.Release|ARM.Build.0 = Release|Any CPU
		{BBA7E76D-131E-4FF0-B4DB-406A052FAB56}.Release|ARM64.ActiveCfg = Release|Any CPU
		{BBA7E76D-131E-4FF0-B4DB-406A052FAB56}.Release|ARM64.Build.0 = Release|Any CPU
		{BBA7E76D-131E-4FF0-B4DB-406A052FAB56}.Release|iPhone.ActiveCfg = Release|Any CPU
		{BBA7E76D-131E-4FF0-B4DB-406A052FAB56}.Release|iPhone.Build.0 = Release|Any CPU
		{BBA7E76D-131E-4FF0-B4DB-406A052FAB56}.Release|iPhoneSimulator.ActiveCfg = Release|Any CPU
		{BBA7E76D-131E-4FF0-B4DB-406A052FAB56}.Release|iPhoneSimulator.Build.0 = Release|Any CPU
		{BBA7E76D-131E-4FF0-B4DB-406A052FAB56}.Release|x64.ActiveCfg = Release|Any CPU
		{BBA7E76D-131E-4FF0-B4DB-406A052FAB56}.Release|x64.Build.0 = Release|Any CPU
		{BBA7E76D-131E-4FF0-B4DB-406A052FAB56}.Release|x86.ActiveCfg = Release|Any CPU
		{BBA7E76D-131E-4FF0-B4DB-406A052FAB56}.Release|x86.Build.0 = Release|Any CPU
		{04BA9D64-BF42-49B6-9EA3-0DC9AC022F47}.Ad-Hoc|Any CPU.ActiveCfg = Release|Any CPU
		{04BA9D64-BF42-49B6-9EA3-0DC9AC022F47}.Ad-Hoc|Any CPU.Build.0 = Release|Any CPU
		{04BA9D64-BF42-49B6-9EA3-0DC9AC022F47}.Ad-Hoc|Any CPU.Deploy.0 = Release|Any CPU
		{04BA9D64-BF42-49B6-9EA3-0DC9AC022F47}.Ad-Hoc|ARM.ActiveCfg = Release|Any CPU
		{04BA9D64-BF42-49B6-9EA3-0DC9AC022F47}.Ad-Hoc|ARM.Build.0 = Release|Any CPU
		{04BA9D64-BF42-49B6-9EA3-0DC9AC022F47}.Ad-Hoc|ARM.Deploy.0 = Release|Any CPU
		{04BA9D64-BF42-49B6-9EA3-0DC9AC022F47}.Ad-Hoc|ARM64.ActiveCfg = Release|Any CPU
		{04BA9D64-BF42-49B6-9EA3-0DC9AC022F47}.Ad-Hoc|ARM64.Build.0 = Release|Any CPU
		{04BA9D64-BF42-49B6-9EA3-0DC9AC022F47}.Ad-Hoc|ARM64.Deploy.0 = Release|Any CPU
		{04BA9D64-BF42-49B6-9EA3-0DC9AC022F47}.Ad-Hoc|iPhone.ActiveCfg = Release|Any CPU
		{04BA9D64-BF42-49B6-9EA3-0DC9AC022F47}.Ad-Hoc|iPhone.Build.0 = Release|Any CPU
		{04BA9D64-BF42-49B6-9EA3-0DC9AC022F47}.Ad-Hoc|iPhone.Deploy.0 = Release|Any CPU
		{04BA9D64-BF42-49B6-9EA3-0DC9AC022F47}.Ad-Hoc|iPhoneSimulator.ActiveCfg = Release|Any CPU
		{04BA9D64-BF42-49B6-9EA3-0DC9AC022F47}.Ad-Hoc|iPhoneSimulator.Build.0 = Release|Any CPU
		{04BA9D64-BF42-49B6-9EA3-0DC9AC022F47}.Ad-Hoc|iPhoneSimulator.Deploy.0 = Release|Any CPU
		{04BA9D64-BF42-49B6-9EA3-0DC9AC022F47}.Ad-Hoc|x64.ActiveCfg = Release|Any CPU
		{04BA9D64-BF42-49B6-9EA3-0DC9AC022F47}.Ad-Hoc|x64.Build.0 = Release|Any CPU
		{04BA9D64-BF42-49B6-9EA3-0DC9AC022F47}.Ad-Hoc|x64.Deploy.0 = Release|Any CPU
		{04BA9D64-BF42-49B6-9EA3-0DC9AC022F47}.Ad-Hoc|x86.ActiveCfg = Release|Any CPU
		{04BA9D64-BF42-49B6-9EA3-0DC9AC022F47}.Ad-Hoc|x86.Build.0 = Release|Any CPU
		{04BA9D64-BF42-49B6-9EA3-0DC9AC022F47}.Ad-Hoc|x86.Deploy.0 = Release|Any CPU
		{04BA9D64-BF42-49B6-9EA3-0DC9AC022F47}.AppStore|Any CPU.ActiveCfg = Release|Any CPU
		{04BA9D64-BF42-49B6-9EA3-0DC9AC022F47}.AppStore|Any CPU.Build.0 = Release|Any CPU
		{04BA9D64-BF42-49B6-9EA3-0DC9AC022F47}.AppStore|Any CPU.Deploy.0 = Release|Any CPU
		{04BA9D64-BF42-49B6-9EA3-0DC9AC022F47}.AppStore|ARM.ActiveCfg = Release|Any CPU
		{04BA9D64-BF42-49B6-9EA3-0DC9AC022F47}.AppStore|ARM.Build.0 = Release|Any CPU
		{04BA9D64-BF42-49B6-9EA3-0DC9AC022F47}.AppStore|ARM.Deploy.0 = Release|Any CPU
		{04BA9D64-BF42-49B6-9EA3-0DC9AC022F47}.AppStore|ARM64.ActiveCfg = Release|Any CPU
		{04BA9D64-BF42-49B6-9EA3-0DC9AC022F47}.AppStore|ARM64.Build.0 = Release|Any CPU
		{04BA9D64-BF42-49B6-9EA3-0DC9AC022F47}.AppStore|ARM64.Deploy.0 = Release|Any CPU
		{04BA9D64-BF42-49B6-9EA3-0DC9AC022F47}.AppStore|iPhone.ActiveCfg = Release|Any CPU
		{04BA9D64-BF42-49B6-9EA3-0DC9AC022F47}.AppStore|iPhone.Build.0 = Release|Any CPU
		{04BA9D64-BF42-49B6-9EA3-0DC9AC022F47}.AppStore|iPhone.Deploy.0 = Release|Any CPU
		{04BA9D64-BF42-49B6-9EA3-0DC9AC022F47}.AppStore|iPhoneSimulator.ActiveCfg = Release|Any CPU
		{04BA9D64-BF42-49B6-9EA3-0DC9AC022F47}.AppStore|iPhoneSimulator.Build.0 = Release|Any CPU
		{04BA9D64-BF42-49B6-9EA3-0DC9AC022F47}.AppStore|iPhoneSimulator.Deploy.0 = Release|Any CPU
		{04BA9D64-BF42-49B6-9EA3-0DC9AC022F47}.AppStore|x64.ActiveCfg = Release|Any CPU
		{04BA9D64-BF42-49B6-9EA3-0DC9AC022F47}.AppStore|x64.Build.0 = Release|Any CPU
		{04BA9D64-BF42-49B6-9EA3-0DC9AC022F47}.AppStore|x64.Deploy.0 = Release|Any CPU
		{04BA9D64-BF42-49B6-9EA3-0DC9AC022F47}.AppStore|x86.ActiveCfg = Release|Any CPU
		{04BA9D64-BF42-49B6-9EA3-0DC9AC022F47}.AppStore|x86.Build.0 = Release|Any CPU
		{04BA9D64-BF42-49B6-9EA3-0DC9AC022F47}.AppStore|x86.Deploy.0 = Release|Any CPU
		{04BA9D64-BF42-49B6-9EA3-0DC9AC022F47}.Debug|Any CPU.ActiveCfg = Debug|Any CPU
		{04BA9D64-BF42-49B6-9EA3-0DC9AC022F47}.Debug|Any CPU.Build.0 = Debug|Any CPU
		{04BA9D64-BF42-49B6-9EA3-0DC9AC022F47}.Debug|Any CPU.Deploy.0 = Debug|Any CPU
		{04BA9D64-BF42-49B6-9EA3-0DC9AC022F47}.Debug|ARM.ActiveCfg = Debug|Any CPU
		{04BA9D64-BF42-49B6-9EA3-0DC9AC022F47}.Debug|ARM.Build.0 = Debug|Any CPU
		{04BA9D64-BF42-49B6-9EA3-0DC9AC022F47}.Debug|ARM.Deploy.0 = Debug|Any CPU
		{04BA9D64-BF42-49B6-9EA3-0DC9AC022F47}.Debug|ARM64.ActiveCfg = Debug|Any CPU
		{04BA9D64-BF42-49B6-9EA3-0DC9AC022F47}.Debug|ARM64.Build.0 = Debug|Any CPU
		{04BA9D64-BF42-49B6-9EA3-0DC9AC022F47}.Debug|ARM64.Deploy.0 = Debug|Any CPU
		{04BA9D64-BF42-49B6-9EA3-0DC9AC022F47}.Debug|iPhone.ActiveCfg = Debug|Any CPU
		{04BA9D64-BF42-49B6-9EA3-0DC9AC022F47}.Debug|iPhone.Build.0 = Debug|Any CPU
		{04BA9D64-BF42-49B6-9EA3-0DC9AC022F47}.Debug|iPhone.Deploy.0 = Debug|Any CPU
		{04BA9D64-BF42-49B6-9EA3-0DC9AC022F47}.Debug|iPhoneSimulator.ActiveCfg = Debug|Any CPU
		{04BA9D64-BF42-49B6-9EA3-0DC9AC022F47}.Debug|iPhoneSimulator.Build.0 = Debug|Any CPU
		{04BA9D64-BF42-49B6-9EA3-0DC9AC022F47}.Debug|iPhoneSimulator.Deploy.0 = Debug|Any CPU
		{04BA9D64-BF42-49B6-9EA3-0DC9AC022F47}.Debug|x64.ActiveCfg = Debug|Any CPU
		{04BA9D64-BF42-49B6-9EA3-0DC9AC022F47}.Debug|x64.Build.0 = Debug|Any CPU
		{04BA9D64-BF42-49B6-9EA3-0DC9AC022F47}.Debug|x64.Deploy.0 = Debug|Any CPU
		{04BA9D64-BF42-49B6-9EA3-0DC9AC022F47}.Debug|x86.ActiveCfg = Debug|Any CPU
		{04BA9D64-BF42-49B6-9EA3-0DC9AC022F47}.Debug|x86.Build.0 = Debug|Any CPU
		{04BA9D64-BF42-49B6-9EA3-0DC9AC022F47}.Debug|x86.Deploy.0 = Debug|Any CPU
		{04BA9D64-BF42-49B6-9EA3-0DC9AC022F47}.Release|Any CPU.ActiveCfg = Release|Any CPU
		{04BA9D64-BF42-49B6-9EA3-0DC9AC022F47}.Release|Any CPU.Build.0 = Release|Any CPU
		{04BA9D64-BF42-49B6-9EA3-0DC9AC022F47}.Release|Any CPU.Deploy.0 = Release|Any CPU
		{04BA9D64-BF42-49B6-9EA3-0DC9AC022F47}.Release|ARM.ActiveCfg = Release|Any CPU
		{04BA9D64-BF42-49B6-9EA3-0DC9AC022F47}.Release|ARM.Build.0 = Release|Any CPU
		{04BA9D64-BF42-49B6-9EA3-0DC9AC022F47}.Release|ARM.Deploy.0 = Release|Any CPU
		{04BA9D64-BF42-49B6-9EA3-0DC9AC022F47}.Release|ARM64.ActiveCfg = Release|Any CPU
		{04BA9D64-BF42-49B6-9EA3-0DC9AC022F47}.Release|ARM64.Build.0 = Release|Any CPU
		{04BA9D64-BF42-49B6-9EA3-0DC9AC022F47}.Release|ARM64.Deploy.0 = Release|Any CPU
		{04BA9D64-BF42-49B6-9EA3-0DC9AC022F47}.Release|iPhone.ActiveCfg = Release|Any CPU
		{04BA9D64-BF42-49B6-9EA3-0DC9AC022F47}.Release|iPhone.Build.0 = Release|Any CPU
		{04BA9D64-BF42-49B6-9EA3-0DC9AC022F47}.Release|iPhone.Deploy.0 = Release|Any CPU
		{04BA9D64-BF42-49B6-9EA3-0DC9AC022F47}.Release|iPhoneSimulator.ActiveCfg = Release|Any CPU
		{04BA9D64-BF42-49B6-9EA3-0DC9AC022F47}.Release|iPhoneSimulator.Build.0 = Release|Any CPU
		{04BA9D64-BF42-49B6-9EA3-0DC9AC022F47}.Release|iPhoneSimulator.Deploy.0 = Release|Any CPU
		{04BA9D64-BF42-49B6-9EA3-0DC9AC022F47}.Release|x64.ActiveCfg = Release|Any CPU
		{04BA9D64-BF42-49B6-9EA3-0DC9AC022F47}.Release|x64.Build.0 = Release|Any CPU
		{04BA9D64-BF42-49B6-9EA3-0DC9AC022F47}.Release|x64.Deploy.0 = Release|Any CPU
		{04BA9D64-BF42-49B6-9EA3-0DC9AC022F47}.Release|x86.ActiveCfg = Release|Any CPU
		{04BA9D64-BF42-49B6-9EA3-0DC9AC022F47}.Release|x86.Build.0 = Release|Any CPU
		{04BA9D64-BF42-49B6-9EA3-0DC9AC022F47}.Release|x86.Deploy.0 = Release|Any CPU
		{BCC6E8F0-66D1-47F6-9EAB-B8066B9908C3}.Ad-Hoc|Any CPU.ActiveCfg = Ad-Hoc|iPhone
		{BCC6E8F0-66D1-47F6-9EAB-B8066B9908C3}.Ad-Hoc|ARM.ActiveCfg = Ad-Hoc|iPhone
		{BCC6E8F0-66D1-47F6-9EAB-B8066B9908C3}.Ad-Hoc|ARM64.ActiveCfg = Ad-Hoc|iPhone
		{BCC6E8F0-66D1-47F6-9EAB-B8066B9908C3}.Ad-Hoc|iPhone.ActiveCfg = Ad-Hoc|iPhone
		{BCC6E8F0-66D1-47F6-9EAB-B8066B9908C3}.Ad-Hoc|iPhone.Build.0 = Ad-Hoc|iPhone
		{BCC6E8F0-66D1-47F6-9EAB-B8066B9908C3}.Ad-Hoc|iPhoneSimulator.ActiveCfg = Ad-Hoc|iPhoneSimulator
		{BCC6E8F0-66D1-47F6-9EAB-B8066B9908C3}.Ad-Hoc|iPhoneSimulator.Build.0 = Ad-Hoc|iPhoneSimulator
		{BCC6E8F0-66D1-47F6-9EAB-B8066B9908C3}.Ad-Hoc|x64.ActiveCfg = Ad-Hoc|iPhone
		{BCC6E8F0-66D1-47F6-9EAB-B8066B9908C3}.Ad-Hoc|x86.ActiveCfg = Ad-Hoc|iPhone
		{BCC6E8F0-66D1-47F6-9EAB-B8066B9908C3}.AppStore|Any CPU.ActiveCfg = AppStore|iPhone
		{BCC6E8F0-66D1-47F6-9EAB-B8066B9908C3}.AppStore|ARM.ActiveCfg = AppStore|iPhone
		{BCC6E8F0-66D1-47F6-9EAB-B8066B9908C3}.AppStore|ARM64.ActiveCfg = AppStore|iPhone
		{BCC6E8F0-66D1-47F6-9EAB-B8066B9908C3}.AppStore|iPhone.ActiveCfg = AppStore|iPhone
		{BCC6E8F0-66D1-47F6-9EAB-B8066B9908C3}.AppStore|iPhone.Build.0 = AppStore|iPhone
		{BCC6E8F0-66D1-47F6-9EAB-B8066B9908C3}.AppStore|iPhoneSimulator.ActiveCfg = AppStore|iPhoneSimulator
		{BCC6E8F0-66D1-47F6-9EAB-B8066B9908C3}.AppStore|iPhoneSimulator.Build.0 = AppStore|iPhoneSimulator
		{BCC6E8F0-66D1-47F6-9EAB-B8066B9908C3}.AppStore|x64.ActiveCfg = AppStore|iPhone
		{BCC6E8F0-66D1-47F6-9EAB-B8066B9908C3}.AppStore|x86.ActiveCfg = AppStore|iPhone
		{BCC6E8F0-66D1-47F6-9EAB-B8066B9908C3}.Debug|Any CPU.ActiveCfg = Debug|iPhone
		{BCC6E8F0-66D1-47F6-9EAB-B8066B9908C3}.Debug|ARM.ActiveCfg = Debug|iPhone
		{BCC6E8F0-66D1-47F6-9EAB-B8066B9908C3}.Debug|ARM64.ActiveCfg = Debug|iPhone
		{BCC6E8F0-66D1-47F6-9EAB-B8066B9908C3}.Debug|iPhone.ActiveCfg = Debug|iPhone
		{BCC6E8F0-66D1-47F6-9EAB-B8066B9908C3}.Debug|iPhone.Build.0 = Debug|iPhone
		{BCC6E8F0-66D1-47F6-9EAB-B8066B9908C3}.Debug|iPhoneSimulator.ActiveCfg = Debug|iPhoneSimulator
		{BCC6E8F0-66D1-47F6-9EAB-B8066B9908C3}.Debug|iPhoneSimulator.Build.0 = Debug|iPhoneSimulator
		{BCC6E8F0-66D1-47F6-9EAB-B8066B9908C3}.Debug|x64.ActiveCfg = Debug|iPhone
		{BCC6E8F0-66D1-47F6-9EAB-B8066B9908C3}.Debug|x86.ActiveCfg = Debug|iPhone
		{BCC6E8F0-66D1-47F6-9EAB-B8066B9908C3}.Release|Any CPU.ActiveCfg = Release|iPhone
		{BCC6E8F0-66D1-47F6-9EAB-B8066B9908C3}.Release|ARM.ActiveCfg = Release|iPhone
		{BCC6E8F0-66D1-47F6-9EAB-B8066B9908C3}.Release|ARM64.ActiveCfg = Release|iPhone
		{BCC6E8F0-66D1-47F6-9EAB-B8066B9908C3}.Release|iPhone.ActiveCfg = Release|iPhone
		{BCC6E8F0-66D1-47F6-9EAB-B8066B9908C3}.Release|iPhone.Build.0 = Release|iPhone
		{BCC6E8F0-66D1-47F6-9EAB-B8066B9908C3}.Release|iPhoneSimulator.ActiveCfg = Release|iPhoneSimulator
		{BCC6E8F0-66D1-47F6-9EAB-B8066B9908C3}.Release|iPhoneSimulator.Build.0 = Release|iPhoneSimulator
		{BCC6E8F0-66D1-47F6-9EAB-B8066B9908C3}.Release|x64.ActiveCfg = Release|iPhone
		{BCC6E8F0-66D1-47F6-9EAB-B8066B9908C3}.Release|x86.ActiveCfg = Release|iPhone
		{734F98D6-37AD-4D7C-B93D-0AB74AAA9C4D}.Ad-Hoc|Any CPU.ActiveCfg = Release|x64
		{734F98D6-37AD-4D7C-B93D-0AB74AAA9C4D}.Ad-Hoc|Any CPU.Build.0 = Release|x64
		{734F98D6-37AD-4D7C-B93D-0AB74AAA9C4D}.Ad-Hoc|Any CPU.Deploy.0 = Release|x64
		{734F98D6-37AD-4D7C-B93D-0AB74AAA9C4D}.Ad-Hoc|ARM.ActiveCfg = Release|ARM
		{734F98D6-37AD-4D7C-B93D-0AB74AAA9C4D}.Ad-Hoc|ARM.Build.0 = Release|ARM
		{734F98D6-37AD-4D7C-B93D-0AB74AAA9C4D}.Ad-Hoc|ARM.Deploy.0 = Release|ARM
		{734F98D6-37AD-4D7C-B93D-0AB74AAA9C4D}.Ad-Hoc|ARM64.ActiveCfg = Release|ARM64
		{734F98D6-37AD-4D7C-B93D-0AB74AAA9C4D}.Ad-Hoc|ARM64.Build.0 = Release|ARM64
		{734F98D6-37AD-4D7C-B93D-0AB74AAA9C4D}.Ad-Hoc|ARM64.Deploy.0 = Release|ARM64
		{734F98D6-37AD-4D7C-B93D-0AB74AAA9C4D}.Ad-Hoc|iPhone.ActiveCfg = Release|x64
		{734F98D6-37AD-4D7C-B93D-0AB74AAA9C4D}.Ad-Hoc|iPhone.Build.0 = Release|x64
		{734F98D6-37AD-4D7C-B93D-0AB74AAA9C4D}.Ad-Hoc|iPhone.Deploy.0 = Release|x64
		{734F98D6-37AD-4D7C-B93D-0AB74AAA9C4D}.Ad-Hoc|iPhoneSimulator.ActiveCfg = Release|x64
		{734F98D6-37AD-4D7C-B93D-0AB74AAA9C4D}.Ad-Hoc|iPhoneSimulator.Build.0 = Release|x64
		{734F98D6-37AD-4D7C-B93D-0AB74AAA9C4D}.Ad-Hoc|iPhoneSimulator.Deploy.0 = Release|x64
		{734F98D6-37AD-4D7C-B93D-0AB74AAA9C4D}.Ad-Hoc|x64.ActiveCfg = Release|x64
		{734F98D6-37AD-4D7C-B93D-0AB74AAA9C4D}.Ad-Hoc|x64.Build.0 = Release|x64
		{734F98D6-37AD-4D7C-B93D-0AB74AAA9C4D}.Ad-Hoc|x64.Deploy.0 = Release|x64
		{734F98D6-37AD-4D7C-B93D-0AB74AAA9C4D}.Ad-Hoc|x86.ActiveCfg = Release|x86
		{734F98D6-37AD-4D7C-B93D-0AB74AAA9C4D}.Ad-Hoc|x86.Build.0 = Release|x86
		{734F98D6-37AD-4D7C-B93D-0AB74AAA9C4D}.Ad-Hoc|x86.Deploy.0 = Release|x86
		{734F98D6-37AD-4D7C-B93D-0AB74AAA9C4D}.AppStore|Any CPU.ActiveCfg = Release|x64
		{734F98D6-37AD-4D7C-B93D-0AB74AAA9C4D}.AppStore|Any CPU.Build.0 = Release|x64
		{734F98D6-37AD-4D7C-B93D-0AB74AAA9C4D}.AppStore|Any CPU.Deploy.0 = Release|x64
		{734F98D6-37AD-4D7C-B93D-0AB74AAA9C4D}.AppStore|ARM.ActiveCfg = Release|ARM
		{734F98D6-37AD-4D7C-B93D-0AB74AAA9C4D}.AppStore|ARM.Build.0 = Release|ARM
		{734F98D6-37AD-4D7C-B93D-0AB74AAA9C4D}.AppStore|ARM.Deploy.0 = Release|ARM
		{734F98D6-37AD-4D7C-B93D-0AB74AAA9C4D}.AppStore|ARM64.ActiveCfg = Release|ARM64
		{734F98D6-37AD-4D7C-B93D-0AB74AAA9C4D}.AppStore|ARM64.Build.0 = Release|ARM64
		{734F98D6-37AD-4D7C-B93D-0AB74AAA9C4D}.AppStore|ARM64.Deploy.0 = Release|ARM64
		{734F98D6-37AD-4D7C-B93D-0AB74AAA9C4D}.AppStore|iPhone.ActiveCfg = Release|x64
		{734F98D6-37AD-4D7C-B93D-0AB74AAA9C4D}.AppStore|iPhone.Build.0 = Release|x64
		{734F98D6-37AD-4D7C-B93D-0AB74AAA9C4D}.AppStore|iPhone.Deploy.0 = Release|x64
		{734F98D6-37AD-4D7C-B93D-0AB74AAA9C4D}.AppStore|iPhoneSimulator.ActiveCfg = Release|x64
		{734F98D6-37AD-4D7C-B93D-0AB74AAA9C4D}.AppStore|iPhoneSimulator.Build.0 = Release|x64
		{734F98D6-37AD-4D7C-B93D-0AB74AAA9C4D}.AppStore|iPhoneSimulator.Deploy.0 = Release|x64
		{734F98D6-37AD-4D7C-B93D-0AB74AAA9C4D}.AppStore|x64.ActiveCfg = Release|x64
		{734F98D6-37AD-4D7C-B93D-0AB74AAA9C4D}.AppStore|x64.Build.0 = Release|x64
		{734F98D6-37AD-4D7C-B93D-0AB74AAA9C4D}.AppStore|x64.Deploy.0 = Release|x64
		{734F98D6-37AD-4D7C-B93D-0AB74AAA9C4D}.AppStore|x86.ActiveCfg = Release|x86
		{734F98D6-37AD-4D7C-B93D-0AB74AAA9C4D}.AppStore|x86.Build.0 = Release|x86
		{734F98D6-37AD-4D7C-B93D-0AB74AAA9C4D}.AppStore|x86.Deploy.0 = Release|x86
		{734F98D6-37AD-4D7C-B93D-0AB74AAA9C4D}.Debug|Any CPU.ActiveCfg = Debug|x86
		{734F98D6-37AD-4D7C-B93D-0AB74AAA9C4D}.Debug|ARM.ActiveCfg = Debug|ARM
		{734F98D6-37AD-4D7C-B93D-0AB74AAA9C4D}.Debug|ARM.Build.0 = Debug|ARM
		{734F98D6-37AD-4D7C-B93D-0AB74AAA9C4D}.Debug|ARM.Deploy.0 = Debug|ARM
		{734F98D6-37AD-4D7C-B93D-0AB74AAA9C4D}.Debug|ARM64.ActiveCfg = Debug|ARM64
		{734F98D6-37AD-4D7C-B93D-0AB74AAA9C4D}.Debug|ARM64.Build.0 = Debug|ARM64
		{734F98D6-37AD-4D7C-B93D-0AB74AAA9C4D}.Debug|ARM64.Deploy.0 = Debug|ARM64
		{734F98D6-37AD-4D7C-B93D-0AB74AAA9C4D}.Debug|iPhone.ActiveCfg = Debug|x86
		{734F98D6-37AD-4D7C-B93D-0AB74AAA9C4D}.Debug|iPhoneSimulator.ActiveCfg = Debug|x86
		{734F98D6-37AD-4D7C-B93D-0AB74AAA9C4D}.Debug|x64.ActiveCfg = Debug|x64
		{734F98D6-37AD-4D7C-B93D-0AB74AAA9C4D}.Debug|x64.Build.0 = Debug|x64
		{734F98D6-37AD-4D7C-B93D-0AB74AAA9C4D}.Debug|x64.Deploy.0 = Debug|x64
		{734F98D6-37AD-4D7C-B93D-0AB74AAA9C4D}.Debug|x86.ActiveCfg = Debug|x86
		{734F98D6-37AD-4D7C-B93D-0AB74AAA9C4D}.Debug|x86.Build.0 = Debug|x86
		{734F98D6-37AD-4D7C-B93D-0AB74AAA9C4D}.Debug|x86.Deploy.0 = Debug|x86
		{734F98D6-37AD-4D7C-B93D-0AB74AAA9C4D}.Release|Any CPU.ActiveCfg = Release|x86
		{734F98D6-37AD-4D7C-B93D-0AB74AAA9C4D}.Release|ARM.ActiveCfg = Release|ARM
		{734F98D6-37AD-4D7C-B93D-0AB74AAA9C4D}.Release|ARM.Build.0 = Release|ARM
		{734F98D6-37AD-4D7C-B93D-0AB74AAA9C4D}.Release|ARM.Deploy.0 = Release|ARM
		{734F98D6-37AD-4D7C-B93D-0AB74AAA9C4D}.Release|ARM64.ActiveCfg = Release|ARM64
		{734F98D6-37AD-4D7C-B93D-0AB74AAA9C4D}.Release|ARM64.Build.0 = Release|ARM64
		{734F98D6-37AD-4D7C-B93D-0AB74AAA9C4D}.Release|ARM64.Deploy.0 = Release|ARM64
		{734F98D6-37AD-4D7C-B93D-0AB74AAA9C4D}.Release|iPhone.ActiveCfg = Release|x86
		{734F98D6-37AD-4D7C-B93D-0AB74AAA9C4D}.Release|iPhoneSimulator.ActiveCfg = Release|x86
		{734F98D6-37AD-4D7C-B93D-0AB74AAA9C4D}.Release|x64.ActiveCfg = Release|x64
		{734F98D6-37AD-4D7C-B93D-0AB74AAA9C4D}.Release|x64.Build.0 = Release|x64
		{734F98D6-37AD-4D7C-B93D-0AB74AAA9C4D}.Release|x64.Deploy.0 = Release|x64
		{734F98D6-37AD-4D7C-B93D-0AB74AAA9C4D}.Release|x86.ActiveCfg = Release|x86
		{734F98D6-37AD-4D7C-B93D-0AB74AAA9C4D}.Release|x86.Build.0 = Release|x86
		{734F98D6-37AD-4D7C-B93D-0AB74AAA9C4D}.Release|x86.Deploy.0 = Release|x86
	EndGlobalSection
	GlobalSection(SolutionProperties) = preSolution
		HideSolutionNode = FALSE
	EndGlobalSection
	GlobalSection(ExtensibilityGlobals) = postSolution
		SolutionGuid = {FB62A784-048D-443A-8A72-4325F16B5FE5}
	EndGlobalSection
EndGlobal
